// !$*UTF8*$!
{
	archiveVersion = 1;
	classes = {
	};
	objectVersion = 56;
	objects = {

/* Begin PBXBuildFile section */
		B8234960E02EACD264CC442F /* Pods_TechSwipe.framework in Frameworks */ = {isa = PBXBuildFile; fileRef = E60800F0C7AC2D939B86FB41 /* Pods_TechSwipe.framework */; };
		EA41D05A2C063BCC0096BAB4 /* TechSwipeApp.swift in Sources */ = {isa = PBXBuildFile; fileRef = EA41D0592C063BCC0096BAB4 /* TechSwipeApp.swift */; };
		EA41D05C2C063BCC0096BAB4 /* ContentView.swift in Sources */ = {isa = PBXBuildFile; fileRef = EA41D05B2C063BCC0096BAB4 /* ContentView.swift */; };
		EA41D05E2C063BCD0096BAB4 /* Assets.xcassets in Resources */ = {isa = PBXBuildFile; fileRef = EA41D05D2C063BCD0096BAB4 /* Assets.xcassets */; };
		EA41D0612C063BCD0096BAB4 /* Preview Assets.xcassets in Resources */ = {isa = PBXBuildFile; fileRef = EA41D0602C063BCD0096BAB4 /* Preview Assets.xcassets */; };
		EA41D06A2C063F570096BAB4 /* GoogleService-Info.plist in Resources */ = {isa = PBXBuildFile; fileRef = EA41D0692C063F560096BAB4 /* GoogleService-Info.plist */; };
		EA41D06F2C063FD20096BAB4 /* RegistrationView.swift in Sources */ = {isa = PBXBuildFile; fileRef = EA41D06E2C063FD20096BAB4 /* RegistrationView.swift */; };
		EA41D0712C0640060096BAB4 /* HomeView.swift in Sources */ = {isa = PBXBuildFile; fileRef = EA41D0702C0640060096BAB4 /* HomeView.swift */; };
		EA41D0732C0640220096BAB4 /* ProductListView.swift in Sources */ = {isa = PBXBuildFile; fileRef = EA41D0722C0640220096BAB4 /* ProductListView.swift */; };
		EA41D0752C0640510096BAB4 /* ProductDetailView.swift in Sources */ = {isa = PBXBuildFile; fileRef = EA41D0742C0640510096BAB4 /* ProductDetailView.swift */; };
		EA41D0772C06407D0096BAB4 /* CartView.swift in Sources */ = {isa = PBXBuildFile; fileRef = EA41D0762C06407D0096BAB4 /* CartView.swift */; };
		EA41D07A2C0640D50096BAB4 /* AuthViewModel.swift in Sources */ = {isa = PBXBuildFile; fileRef = EA41D0792C0640D50096BAB4 /* AuthViewModel.swift */; };
		EA41D07C2C0640F40096BAB4 /* ProductViewModel.swift in Sources */ = {isa = PBXBuildFile; fileRef = EA41D07B2C0640F40096BAB4 /* ProductViewModel.swift */; };
		EA41D07E2C06410E0096BAB4 /* CartViewModel.swift in Sources */ = {isa = PBXBuildFile; fileRef = EA41D07D2C06410E0096BAB4 /* CartViewModel.swift */; };
		EA41D0812C06413F0096BAB4 /* User.swift in Sources */ = {isa = PBXBuildFile; fileRef = EA41D0802C06413F0096BAB4 /* User.swift */; };
		EA41D0832C0641580096BAB4 /* Product.swift in Sources */ = {isa = PBXBuildFile; fileRef = EA41D0822C0641580096BAB4 /* Product.swift */; };
		EA41D0862C06419D0096BAB4 /* AuthService.swift in Sources */ = {isa = PBXBuildFile; fileRef = EA41D0852C06419D0096BAB4 /* AuthService.swift */; };
		EA41D0882C0641B60096BAB4 /* ProductService.swift in Sources */ = {isa = PBXBuildFile; fileRef = EA41D0872C0641B60096BAB4 /* ProductService.swift */; };
		EA41D08A2C0645F00096BAB4 /* CartItem.swift in Sources */ = {isa = PBXBuildFile; fileRef = EA41D0892C0645F00096BAB4 /* CartItem.swift */; };
		EAF3E4572C0675990001B9AE /* ProfileView.swift in Sources */ = {isa = PBXBuildFile; fileRef = EAF3E4562C0675990001B9AE /* ProfileView.swift */; };
		EAF3E45C2C0681370001B9AE /* SignInView.swift in Sources */ = {isa = PBXBuildFile; fileRef = EAF3E45B2C0681370001B9AE /* SignInView.swift */; };
		EAF3E45E2C0682360001B9AE /* CartService.swift in Sources */ = {isa = PBXBuildFile; fileRef = EAF3E45D2C0682360001B9AE /* CartService.swift */; };
/* End PBXBuildFile section */

/* Begin PBXFileReference section */
		8A4E9EF141758449394348F9 /* Pods-TechSwipe.release.xcconfig */ = {isa = PBXFileReference; includeInIndex = 1; lastKnownFileType = text.xcconfig; name = "Pods-TechSwipe.release.xcconfig"; path = "Target Support Files/Pods-TechSwipe/Pods-TechSwipe.release.xcconfig"; sourceTree = "<group>"; };
		E4D7BE897B3A6EB48BFC684D /* Pods-TechSwipe.debug.xcconfig */ = {isa = PBXFileReference; includeInIndex = 1; lastKnownFileType = text.xcconfig; name = "Pods-TechSwipe.debug.xcconfig"; path = "Target Support Files/Pods-TechSwipe/Pods-TechSwipe.debug.xcconfig"; sourceTree = "<group>"; };
		E60800F0C7AC2D939B86FB41 /* Pods_TechSwipe.framework */ = {isa = PBXFileReference; explicitFileType = wrapper.framework; includeInIndex = 0; path = Pods_TechSwipe.framework; sourceTree = BUILT_PRODUCTS_DIR; };
		EA41D0562C063BCC0096BAB4 /* TechSwipe.app */ = {isa = PBXFileReference; explicitFileType = wrapper.application; includeInIndex = 0; path = TechSwipe.app; sourceTree = BUILT_PRODUCTS_DIR; };
		EA41D0592C063BCC0096BAB4 /* TechSwipeApp.swift */ = {isa = PBXFileReference; lastKnownFileType = sourcecode.swift; path = TechSwipeApp.swift; sourceTree = "<group>"; };
		EA41D05B2C063BCC0096BAB4 /* ContentView.swift */ = {isa = PBXFileReference; lastKnownFileType = sourcecode.swift; path = ContentView.swift; sourceTree = "<group>"; };
		EA41D05D2C063BCD0096BAB4 /* Assets.xcassets */ = {isa = PBXFileReference; lastKnownFileType = folder.assetcatalog; path = Assets.xcassets; sourceTree = "<group>"; };
		EA41D0602C063BCD0096BAB4 /* Preview Assets.xcassets */ = {isa = PBXFileReference; lastKnownFileType = folder.assetcatalog; path = "Preview Assets.xcassets"; sourceTree = "<group>"; };
		EA41D0692C063F560096BAB4 /* GoogleService-Info.plist */ = {isa = PBXFileReference; fileEncoding = 4; lastKnownFileType = text.plist.xml; path = "GoogleService-Info.plist"; sourceTree = "<group>"; };
		EA41D06E2C063FD20096BAB4 /* RegistrationView.swift */ = {isa = PBXFileReference; lastKnownFileType = sourcecode.swift; path = RegistrationView.swift; sourceTree = "<group>"; };
		EA41D0702C0640060096BAB4 /* HomeView.swift */ = {isa = PBXFileReference; lastKnownFileType = sourcecode.swift; path = HomeView.swift; sourceTree = "<group>"; };
		EA41D0722C0640220096BAB4 /* ProductListView.swift */ = {isa = PBXFileReference; lastKnownFileType = sourcecode.swift; path = ProductListView.swift; sourceTree = "<group>"; };
		EA41D0742C0640510096BAB4 /* ProductDetailView.swift */ = {isa = PBXFileReference; lastKnownFileType = sourcecode.swift; path = ProductDetailView.swift; sourceTree = "<group>"; };
		EA41D0762C06407D0096BAB4 /* CartView.swift */ = {isa = PBXFileReference; lastKnownFileType = sourcecode.swift; path = CartView.swift; sourceTree = "<group>"; };
		EA41D0792C0640D50096BAB4 /* AuthViewModel.swift */ = {isa = PBXFileReference; lastKnownFileType = sourcecode.swift; path = AuthViewModel.swift; sourceTree = "<group>"; };
		EA41D07B2C0640F40096BAB4 /* ProductViewModel.swift */ = {isa = PBXFileReference; lastKnownFileType = sourcecode.swift; path = ProductViewModel.swift; sourceTree = "<group>"; };
		EA41D07D2C06410E0096BAB4 /* CartViewModel.swift */ = {isa = PBXFileReference; lastKnownFileType = sourcecode.swift; path = CartViewModel.swift; sourceTree = "<group>"; };
		EA41D0802C06413F0096BAB4 /* User.swift */ = {isa = PBXFileReference; lastKnownFileType = sourcecode.swift; path = User.swift; sourceTree = "<group>"; };
		EA41D0822C0641580096BAB4 /* Product.swift */ = {isa = PBXFileReference; lastKnownFileType = sourcecode.swift; path = Product.swift; sourceTree = "<group>"; };
		EA41D0852C06419D0096BAB4 /* AuthService.swift */ = {isa = PBXFileReference; lastKnownFileType = sourcecode.swift; path = AuthService.swift; sourceTree = "<group>"; };
		EA41D0872C0641B60096BAB4 /* ProductService.swift */ = {isa = PBXFileReference; lastKnownFileType = sourcecode.swift; path = ProductService.swift; sourceTree = "<group>"; };
		EA41D0892C0645F00096BAB4 /* CartItem.swift */ = {isa = PBXFileReference; lastKnownFileType = sourcecode.swift; path = CartItem.swift; sourceTree = "<group>"; };
		EAF3E4562C0675990001B9AE /* ProfileView.swift */ = {isa = PBXFileReference; lastKnownFileType = sourcecode.swift; path = ProfileView.swift; sourceTree = "<group>"; };
		EAF3E45B2C0681370001B9AE /* SignInView.swift */ = {isa = PBXFileReference; lastKnownFileType = sourcecode.swift; path = SignInView.swift; sourceTree = "<group>"; };
		EAF3E45D2C0682360001B9AE /* CartService.swift */ = {isa = PBXFileReference; lastKnownFileType = sourcecode.swift; path = CartService.swift; sourceTree = "<group>"; };
/* End PBXFileReference section */

/* Begin PBXFrameworksBuildPhase section */
		EA41D0532C063BCC0096BAB4 /* Frameworks */ = {
			isa = PBXFrameworksBuildPhase;
			buildActionMask = 2147483647;
			files = (
				B8234960E02EACD264CC442F /* Pods_TechSwipe.framework in Frameworks */,
			);
			runOnlyForDeploymentPostprocessing = 0;
		};
/* End PBXFrameworksBuildPhase section */

/* Begin PBXGroup section */
		11D608FE576FF95D25092936 /* Pods */ = {
			isa = PBXGroup;
			children = (
				E4D7BE897B3A6EB48BFC684D /* Pods-TechSwipe.debug.xcconfig */,
				8A4E9EF141758449394348F9 /* Pods-TechSwipe.release.xcconfig */,
			);
			path = Pods;
			sourceTree = "<group>";
		};
		B83D47220FDAF9B8665D11E9 /* Frameworks */ = {
			isa = PBXGroup;
			children = (
				E60800F0C7AC2D939B86FB41 /* Pods_TechSwipe.framework */,
			);
			name = Frameworks;
			sourceTree = "<group>";
		};
		EA41D04D2C063BCC0096BAB4 = {
			isa = PBXGroup;
			children = (
				EA41D0582C063BCC0096BAB4 /* TechSwipe */,
				EA41D0572C063BCC0096BAB4 /* Products */,
				11D608FE576FF95D25092936 /* Pods */,
				B83D47220FDAF9B8665D11E9 /* Frameworks */,
			);
			sourceTree = "<group>";
		};
		EA41D0572C063BCC0096BAB4 /* Products */ = {
			isa = PBXGroup;
			children = (
				EA41D0562C063BCC0096BAB4 /* TechSwipe.app */,
			);
			name = Products;
			sourceTree = "<group>";
		};
		EA41D0582C063BCC0096BAB4 /* TechSwipe */ = {
			isa = PBXGroup;
			children = (
				EA41D0842C0641830096BAB4 /* Services */,
				EA41D07F2C0641310096BAB4 /* Models */,
				EA41D0782C0640A30096BAB4 /* ViewModels */,
				EA41D06B2C063F630096BAB4 /* Views */,
				EA41D0682C063F350096BAB4 /* Resources */,
				EA41D0592C063BCC0096BAB4 /* TechSwipeApp.swift */,
				EA41D05B2C063BCC0096BAB4 /* ContentView.swift */,
				EA41D05D2C063BCD0096BAB4 /* Assets.xcassets */,
				EA41D05F2C063BCD0096BAB4 /* Preview Content */,
			);
			path = TechSwipe;
			sourceTree = "<group>";
		};
		EA41D05F2C063BCD0096BAB4 /* Preview Content */ = {
			isa = PBXGroup;
			children = (
				EA41D0602C063BCD0096BAB4 /* Preview Assets.xcassets */,
			);
			path = "Preview Content";
			sourceTree = "<group>";
		};
		EA41D0682C063F350096BAB4 /* Resources */ = {
			isa = PBXGroup;
			children = (
				EA41D0692C063F560096BAB4 /* GoogleService-Info.plist */,
			);
			path = Resources;
			sourceTree = "<group>";
		};
		EA41D06B2C063F630096BAB4 /* Views */ = {
			isa = PBXGroup;
			children = (
				EA41D06E2C063FD20096BAB4 /* RegistrationView.swift */,
				EA41D0702C0640060096BAB4 /* HomeView.swift */,
				EA41D0722C0640220096BAB4 /* ProductListView.swift */,
				EA41D0742C0640510096BAB4 /* ProductDetailView.swift */,
				EA41D0762C06407D0096BAB4 /* CartView.swift */,
				EAF3E4562C0675990001B9AE /* ProfileView.swift */,
				EAF3E45B2C0681370001B9AE /* SignInView.swift */,
			);
			path = Views;
			sourceTree = "<group>";
		};
		EA41D0782C0640A30096BAB4 /* ViewModels */ = {
			isa = PBXGroup;
			children = (
				EA41D0792C0640D50096BAB4 /* AuthViewModel.swift */,
				EA41D07B2C0640F40096BAB4 /* ProductViewModel.swift */,
				EA41D07D2C06410E0096BAB4 /* CartViewModel.swift */,
			);
			path = ViewModels;
			sourceTree = "<group>";
		};
		EA41D07F2C0641310096BAB4 /* Models */ = {
			isa = PBXGroup;
			children = (
				EA41D0802C06413F0096BAB4 /* User.swift */,
				EA41D0822C0641580096BAB4 /* Product.swift */,
				EA41D0892C0645F00096BAB4 /* CartItem.swift */,
			);
			path = Models;
			sourceTree = "<group>";
		};
		EA41D0842C0641830096BAB4 /* Services */ = {
			isa = PBXGroup;
			children = (
				EA41D0852C06419D0096BAB4 /* AuthService.swift */,
				EA41D0872C0641B60096BAB4 /* ProductService.swift */,
				EAF3E45D2C0682360001B9AE /* CartService.swift */,
			);
			path = Services;
			sourceTree = "<group>";
		};
/* End PBXGroup section */

/* Begin PBXNativeTarget section */
		EA41D0552C063BCC0096BAB4 /* TechSwipe */ = {
			isa = PBXNativeTarget;
			buildConfigurationList = EA41D0642C063BCD0096BAB4 /* Build configuration list for PBXNativeTarget "TechSwipe" */;
			buildPhases = (
				42D433A35358928F3DCC4DC9 /* [CP] Check Pods Manifest.lock */,
				EA41D0522C063BCC0096BAB4 /* Sources */,
				EA41D0532C063BCC0096BAB4 /* Frameworks */,
				EA41D0542C063BCC0096BAB4 /* Resources */,
				4A2B39001897AAA3CBE0875C /* [CP] Embed Pods Frameworks */,
			);
			buildRules = (
			);
			dependencies = (
			);
			name = TechSwipe;
			productName = TechSwipe;
			productReference = EA41D0562C063BCC0096BAB4 /* TechSwipe.app */;
			productType = "com.apple.product-type.application";
		};
/* End PBXNativeTarget section */

/* Begin PBXProject section */
		EA41D04E2C063BCC0096BAB4 /* Project object */ = {
			isa = PBXProject;
			attributes = {
				BuildIndependentTargetsInParallel = 1;
				LastSwiftUpdateCheck = 1540;
				LastUpgradeCheck = 1540;
				TargetAttributes = {
					EA41D0552C063BCC0096BAB4 = {
						CreatedOnToolsVersion = 15.4;
					};
				};
			};
			buildConfigurationList = EA41D0512C063BCC0096BAB4 /* Build configuration list for PBXProject "TechSwipe" */;
			compatibilityVersion = "Xcode 14.0";
			developmentRegion = en;
			hasScannedForEncodings = 0;
			knownRegions = (
				en,
				Base,
			);
			mainGroup = EA41D04D2C063BCC0096BAB4;
			packageReferences = (
				EAF3E4582C0679060001B9AE /* XCRemoteSwiftPackageReference "firebase-ios-sdk" */,
			);
			productRefGroup = EA41D0572C063BCC0096BAB4 /* Products */;
			projectDirPath = "";
			projectRoot = "";
			targets = (
				EA41D0552C063BCC0096BAB4 /* TechSwipe */,
			);
		};
/* End PBXProject section */

/* Begin PBXResourcesBuildPhase section */
		EA41D0542C063BCC0096BAB4 /* Resources */ = {
			isa = PBXResourcesBuildPhase;
			buildActionMask = 2147483647;
			files = (
				EA41D0612C063BCD0096BAB4 /* Preview Assets.xcassets in Resources */,
				EA41D05E2C063BCD0096BAB4 /* Assets.xcassets in Resources */,
				EA41D06A2C063F570096BAB4 /* GoogleService-Info.plist in Resources */,
			);
			runOnlyForDeploymentPostprocessing = 0;
		};
/* End PBXResourcesBuildPhase section */

/* Begin PBXShellScriptBuildPhase section */
		42D433A35358928F3DCC4DC9 /* [CP] Check Pods Manifest.lock */ = {
			isa = PBXShellScriptBuildPhase;
			buildActionMask = 2147483647;
			files = (
			);
			inputFileListPaths = (
			);
			inputPaths = (
				"${PODS_PODFILE_DIR_PATH}/Podfile.lock",
				"${PODS_ROOT}/Manifest.lock",
			);
			name = "[CP] Check Pods Manifest.lock";
			outputFileListPaths = (
			);
			outputPaths = (
				"$(DERIVED_FILE_DIR)/Pods-TechSwipe-checkManifestLockResult.txt",
			);
			runOnlyForDeploymentPostprocessing = 0;
			shellPath = /bin/sh;
			shellScript = "diff \"${PODS_PODFILE_DIR_PATH}/Podfile.lock\" \"${PODS_ROOT}/Manifest.lock\" > /dev/null\nif [ $? != 0 ] ; then\n    # print error to STDERR\n    echo \"error: The sandbox is not in sync with the Podfile.lock. Run 'pod install' or update your CocoaPods installation.\" >&2\n    exit 1\nfi\n# This output is used by Xcode 'outputs' to avoid re-running this script phase.\necho \"SUCCESS\" > \"${SCRIPT_OUTPUT_FILE_0}\"\n";
			showEnvVarsInLog = 0;
		};
		4A2B39001897AAA3CBE0875C /* [CP] Embed Pods Frameworks */ = {
			isa = PBXShellScriptBuildPhase;
			buildActionMask = 2147483647;
			files = (
			);
			inputFileListPaths = (
				"${PODS_ROOT}/Target Support Files/Pods-TechSwipe/Pods-TechSwipe-frameworks-${CONFIGURATION}-input-files.xcfilelist",
			);
			name = "[CP] Embed Pods Frameworks";
			outputFileListPaths = (
				"${PODS_ROOT}/Target Support Files/Pods-TechSwipe/Pods-TechSwipe-frameworks-${CONFIGURATION}-output-files.xcfilelist",
			);
			runOnlyForDeploymentPostprocessing = 0;
			shellPath = /bin/sh;
			shellScript = "\"${PODS_ROOT}/Target Support Files/Pods-TechSwipe/Pods-TechSwipe-frameworks.sh\"\n";
			showEnvVarsInLog = 0;
		};
/* End PBXShellScriptBuildPhase section */

/* Begin PBXSourcesBuildPhase section */
		EA41D0522C063BCC0096BAB4 /* Sources */ = {
			isa = PBXSourcesBuildPhase;
			buildActionMask = 2147483647;
			files = (
				EA41D0732C0640220096BAB4 /* ProductListView.swift in Sources */,
				EA41D0752C0640510096BAB4 /* ProductDetailView.swift in Sources */,
				EA41D08A2C0645F00096BAB4 /* CartItem.swift in Sources */,
				EAF3E45E2C0682360001B9AE /* CartService.swift in Sources */,
				EA41D05C2C063BCC0096BAB4 /* ContentView.swift in Sources */,
				EA41D07C2C0640F40096BAB4 /* ProductViewModel.swift in Sources */,
				EA41D05A2C063BCC0096BAB4 /* TechSwipeApp.swift in Sources */,
				EAF3E45C2C0681370001B9AE /* SignInView.swift in Sources */,
				EA41D0712C0640060096BAB4 /* HomeView.swift in Sources */,
				EA41D0772C06407D0096BAB4 /* CartView.swift in Sources */,
				EAF3E4572C0675990001B9AE /* ProfileView.swift in Sources */,
				EA41D0812C06413F0096BAB4 /* User.swift in Sources */,
				EA41D06F2C063FD20096BAB4 /* RegistrationView.swift in Sources */,
				EA41D07A2C0640D50096BAB4 /* AuthViewModel.swift in Sources */,
				EA41D07E2C06410E0096BAB4 /* CartViewModel.swift in Sources */,
				EA41D0832C0641580096BAB4 /* Product.swift in Sources */,
				EA41D0862C06419D0096BAB4 /* AuthService.swift in Sources */,
				EA41D0882C0641B60096BAB4 /* ProductService.swift in Sources */,
			);
			runOnlyForDeploymentPostprocessing = 0;
		};
/* End PBXSourcesBuildPhase section */

/* Begin XCBuildConfiguration section */
		EA41D0622C063BCD0096BAB4 /* Debug */ = {
			isa = XCBuildConfiguration;
			buildSettings = {
				ALWAYS_SEARCH_USER_PATHS = NO;
				ASSETCATALOG_COMPILER_GENERATE_SWIFT_ASSET_SYMBOL_EXTENSIONS = YES;
				CLANG_ANALYZER_NONNULL = YES;
				CLANG_ANALYZER_NUMBER_OBJECT_CONVERSION = YES_AGGRESSIVE;
				CLANG_CXX_LANGUAGE_STANDARD = "gnu++20";
				CLANG_ENABLE_MODULES = YES;
				CLANG_ENABLE_OBJC_ARC = YES;
				CLANG_ENABLE_OBJC_WEAK = YES;
				CLANG_WARN_BLOCK_CAPTURE_AUTORELEASING = YES;
				CLANG_WARN_BOOL_CONVERSION = YES;
				CLANG_WARN_COMMA = YES;
				CLANG_WARN_CONSTANT_CONVERSION = YES;
				CLANG_WARN_DEPRECATED_OBJC_IMPLEMENTATIONS = YES;
				CLANG_WARN_DIRECT_OBJC_ISA_USAGE = YES_ERROR;
				CLANG_WARN_DOCUMENTATION_COMMENTS = YES;
				CLANG_WARN_EMPTY_BODY = YES;
				CLANG_WARN_ENUM_CONVERSION = YES;
				CLANG_WARN_INFINITE_RECURSION = YES;
				CLANG_WARN_INT_CONVERSION = YES;
				CLANG_WARN_NON_LITERAL_NULL_CONVERSION = YES;
				CLANG_WARN_OBJC_IMPLICIT_RETAIN_SELF = YES;
				CLANG_WARN_OBJC_LITERAL_CONVERSION = YES;
				CLANG_WARN_OBJC_ROOT_CLASS = YES_ERROR;
				CLANG_WARN_QUOTED_INCLUDE_IN_FRAMEWORK_HEADER = YES;
				CLANG_WARN_RANGE_LOOP_ANALYSIS = YES;
				CLANG_WARN_STRICT_PROTOTYPES = YES;
				CLANG_WARN_SUSPICIOUS_MOVE = YES;
				CLANG_WARN_UNGUARDED_AVAILABILITY = YES_AGGRESSIVE;
				CLANG_WARN_UNREACHABLE_CODE = YES;
				CLANG_WARN__DUPLICATE_METHOD_MATCH = YES;
				COPY_PHASE_STRIP = NO;
				DEBUG_INFORMATION_FORMAT = dwarf;
				ENABLE_STRICT_OBJC_MSGSEND = YES;
				ENABLE_TESTABILITY = YES;
				ENABLE_USER_SCRIPT_SANDBOXING = YES;
				GCC_C_LANGUAGE_STANDARD = gnu17;
				GCC_DYNAMIC_NO_PIC = NO;
				GCC_NO_COMMON_BLOCKS = YES;
				GCC_OPTIMIZATION_LEVEL = 0;
				GCC_PREPROCESSOR_DEFINITIONS = (
					"DEBUG=1",
					"$(inherited)",
				);
				GCC_WARN_64_TO_32_BIT_CONVERSION = YES;
				GCC_WARN_ABOUT_RETURN_TYPE = YES_ERROR;
				GCC_WARN_UNDECLARED_SELECTOR = YES;
				GCC_WARN_UNINITIALIZED_AUTOS = YES_AGGRESSIVE;
				GCC_WARN_UNUSED_FUNCTION = YES;
				GCC_WARN_UNUSED_VARIABLE = YES;
				IPHONEOS_DEPLOYMENT_TARGET = 17.5;
				LOCALIZATION_PREFERS_STRING_CATALOGS = YES;
				MTL_ENABLE_DEBUG_INFO = INCLUDE_SOURCE;
				MTL_FAST_MATH = YES;
				ONLY_ACTIVE_ARCH = YES;
				SDKROOT = iphoneos;
				SWIFT_ACTIVE_COMPILATION_CONDITIONS = "DEBUG $(inherited)";
				SWIFT_OPTIMIZATION_LEVEL = "-Onone";
			};
			name = Debug;
		};
		EA41D0632C063BCD0096BAB4 /* Release */ = {
			isa = XCBuildConfiguration;
			buildSettings = {
				ALWAYS_SEARCH_USER_PATHS = NO;
				ASSETCATALOG_COMPILER_GENERATE_SWIFT_ASSET_SYMBOL_EXTENSIONS = YES;
				CLANG_ANALYZER_NONNULL = YES;
				CLANG_ANALYZER_NUMBER_OBJECT_CONVERSION = YES_AGGRESSIVE;
				CLANG_CXX_LANGUAGE_STANDARD = "gnu++20";
				CLANG_ENABLE_MODULES = YES;
				CLANG_ENABLE_OBJC_ARC = YES;
				CLANG_ENABLE_OBJC_WEAK = YES;
				CLANG_WARN_BLOCK_CAPTURE_AUTORELEASING = YES;
				CLANG_WARN_BOOL_CONVERSION = YES;
				CLANG_WARN_COMMA = YES;
				CLANG_WARN_CONSTANT_CONVERSION = YES;
				CLANG_WARN_DEPRECATED_OBJC_IMPLEMENTATIONS = YES;
				CLANG_WARN_DIRECT_OBJC_ISA_USAGE = YES_ERROR;
				CLANG_WARN_DOCUMENTATION_COMMENTS = YES;
				CLANG_WARN_EMPTY_BODY = YES;
				CLANG_WARN_ENUM_CONVERSION = YES;
				CLANG_WARN_INFINITE_RECURSION = YES;
				CLANG_WARN_INT_CONVERSION = YES;
				CLANG_WARN_NON_LITERAL_NULL_CONVERSION = YES;
				CLANG_WARN_OBJC_IMPLICIT_RETAIN_SELF = YES;
				CLANG_WARN_OBJC_LITERAL_CONVERSION = YES;
				CLANG_WARN_OBJC_ROOT_CLASS = YES_ERROR;
				CLANG_WARN_QUOTED_INCLUDE_IN_FRAMEWORK_HEADER = YES;
				CLANG_WARN_RANGE_LOOP_ANALYSIS = YES;
				CLANG_WARN_STRICT_PROTOTYPES = YES;
				CLANG_WARN_SUSPICIOUS_MOVE = YES;
				CLANG_WARN_UNGUARDED_AVAILABILITY = YES_AGGRESSIVE;
				CLANG_WARN_UNREACHABLE_CODE = YES;
				CLANG_WARN__DUPLICATE_METHOD_MATCH = YES;
				COPY_PHASE_STRIP = NO;
				DEBUG_INFORMATION_FORMAT = "dwarf-with-dsym";
				ENABLE_NS_ASSERTIONS = NO;
				ENABLE_STRICT_OBJC_MSGSEND = YES;
				ENABLE_USER_SCRIPT_SANDBOXING = YES;
				GCC_C_LANGUAGE_STANDARD = gnu17;
				GCC_NO_COMMON_BLOCKS = YES;
				GCC_WARN_64_TO_32_BIT_CONVERSION = YES;
				GCC_WARN_ABOUT_RETURN_TYPE = YES_ERROR;
				GCC_WARN_UNDECLARED_SELECTOR = YES;
				GCC_WARN_UNINITIALIZED_AUTOS = YES_AGGRESSIVE;
				GCC_WARN_UNUSED_FUNCTION = YES;
				GCC_WARN_UNUSED_VARIABLE = YES;
				IPHONEOS_DEPLOYMENT_TARGET = 17.5;
				LOCALIZATION_PREFERS_STRING_CATALOGS = YES;
				MTL_ENABLE_DEBUG_INFO = NO;
				MTL_FAST_MATH = YES;
				SDKROOT = iphoneos;
				SWIFT_COMPILATION_MODE = wholemodule;
				VALIDATE_PRODUCT = YES;
			};
			name = Release;
		};
		EA41D0652C063BCD0096BAB4 /* Debug */ = {
			isa = XCBuildConfiguration;
			baseConfigurationReference = E4D7BE897B3A6EB48BFC684D /* Pods-TechSwipe.debug.xcconfig */;
			buildSettings = {
				ASSETCATALOG_COMPILER_APPICON_NAME = AppIcon;
				ASSETCATALOG_COMPILER_GLOBAL_ACCENT_COLOR_NAME = AccentColor;
				CODE_SIGN_STYLE = Automatic;
				CURRENT_PROJECT_VERSION = 1;
				DEVELOPMENT_ASSET_PATHS = "\"TechSwipe/Preview Content\"";
				DEVELOPMENT_TEAM = W247CRZHT7;
				ENABLE_PREVIEWS = YES;
				ENABLE_USER_SCRIPT_SANDBOXING = NO;
				GENERATE_INFOPLIST_FILE = YES;
				INFOPLIST_KEY_LSApplicationCategoryType = "public.app-category.shopping";
				INFOPLIST_KEY_UIApplicationSceneManifest_Generation = YES;
				INFOPLIST_KEY_UIApplicationSupportsIndirectInputEvents = YES;
				INFOPLIST_KEY_UILaunchScreen_Generation = YES;
				INFOPLIST_KEY_UISupportedInterfaceOrientations_iPad = "UIInterfaceOrientationPortrait UIInterfaceOrientationPortraitUpsideDown UIInterfaceOrientationLandscapeLeft UIInterfaceOrientationLandscapeRight";
				INFOPLIST_KEY_UISupportedInterfaceOrientations_iPhone = "UIInterfaceOrientationPortrait UIInterfaceOrientationLandscapeLeft UIInterfaceOrientationLandscapeRight";
				LD_RUNPATH_SEARCH_PATHS = (
					"$(inherited)",
					"@executable_path/Frameworks",
				);
				MARKETING_VERSION = 1.0;
				PRODUCT_BUNDLE_IDENTIFIER = TechSwipe.TechSwipe;
				PRODUCT_NAME = "$(TARGET_NAME)";
				SWIFT_EMIT_LOC_STRINGS = YES;
				SWIFT_VERSION = 5.0;
				TARGETED_DEVICE_FAMILY = "1,2";
			};
			name = Debug;
		};
		EA41D0662C063BCD0096BAB4 /* Release */ = {
			isa = XCBuildConfiguration;
			baseConfigurationReference = 8A4E9EF141758449394348F9 /* Pods-TechSwipe.release.xcconfig */;
			buildSettings = {
				ASSETCATALOG_COMPILER_APPICON_NAME = AppIcon;
				ASSETCATALOG_COMPILER_GLOBAL_ACCENT_COLOR_NAME = AccentColor;
				CODE_SIGN_STYLE = Automatic;
				CURRENT_PROJECT_VERSION = 1;
				DEVELOPMENT_ASSET_PATHS = "\"TechSwipe/Preview Content\"";
				DEVELOPMENT_TEAM = W247CRZHT7;
				ENABLE_PREVIEWS = YES;
				ENABLE_USER_SCRIPT_SANDBOXING = NO;
				GENERATE_INFOPLIST_FILE = YES;
				INFOPLIST_KEY_LSApplicationCategoryType = "public.app-category.shopping";
				INFOPLIST_KEY_UIApplicationSceneManifest_Generation = YES;
				INFOPLIST_KEY_UIApplicationSupportsIndirectInputEvents = YES;
				INFOPLIST_KEY_UILaunchScreen_Generation = YES;
				INFOPLIST_KEY_UISupportedInterfaceOrientations_iPad = "UIInterfaceOrientationPortrait UIInterfaceOrientationPortraitUpsideDown UIInterfaceOrientationLandscapeLeft UIInterfaceOrientationLandscapeRight";
				INFOPLIST_KEY_UISupportedInterfaceOrientations_iPhone = "UIInterfaceOrientationPortrait UIInterfaceOrientationLandscapeLeft UIInterfaceOrientationLandscapeRight";
				LD_RUNPATH_SEARCH_PATHS = (
					"$(inherited)",
					"@executable_path/Frameworks",
				);
				MARKETING_VERSION = 1.0;
				PRODUCT_BUNDLE_IDENTIFIER = TechSwipe.TechSwipe;
				PRODUCT_NAME = "$(TARGET_NAME)";
				SWIFT_EMIT_LOC_STRINGS = YES;
				SWIFT_VERSION = 5.0;
				TARGETED_DEVICE_FAMILY = "1,2";
			};
			name = Release;
		};
/* End XCBuildConfiguration section */

/* Begin XCConfigurationList section */
		EA41D0512C063BCC0096BAB4 /* Build configuration list for PBXProject "TechSwipe" */ = {
			isa = XCConfigurationList;
			buildConfigurations = (
				EA41D0622C063BCD0096BAB4 /* Debug */,
				EA41D0632C063BCD0096BAB4 /* Release */,
			);
			defaultConfigurationIsVisible = 0;
			defaultConfigurationName = Release;
		};
		EA41D0642C063BCD0096BAB4 /* Build configuration list for PBXNativeTarget "TechSwipe" */ = {
			isa = XCConfigurationList;
			buildConfigurations = (
				EA41D0652C063BCD0096BAB4 /* Debug */,
				EA41D0662C063BCD0096BAB4 /* Release */,
			);
			defaultConfigurationIsVisible = 0;
			defaultConfigurationName = Release;
		};
/* End XCConfigurationList section */

/* Begin XCRemoteSwiftPackageReference section */
		EAF3E4582C0679060001B9AE /* XCRemoteSwiftPackageReference "firebase-ios-sdk" */ = {
			isa = XCRemoteSwiftPackageReference;
			repositoryURL = "https://github.com/firebase/firebase-ios-sdk.git";
			requirement = {
				kind = upToNextMajorVersion;
				minimumVersion = 10.26.0;
			};
		};
/* End XCRemoteSwiftPackageReference section */
	};
	rootObject = EA41D04E2C063BCC0096BAB4 /* Project object */;
}
